
Microsoft Visual Studio Solution File, Format Version 12.00
# Visual Studio Version 17
VisualStudioVersion = 17.4.33403.182
MinimumVisualStudioVersion = 10.0.40219.1
Project("{FAE04EC0-301F-11D3-BF4B-00C04F79EFBC}") = "HardAntiInvoke", "HardAntiInvoke.csproj", "{B847D30E-4E71-4618-A3CC-8D0C7137CFCB}"
EndProject
Global
	GlobalSection(SolutionConfigurationPlatforms) = preSolution
		Debug|Any CPU = Debug|Any CPU
		Release|Any CPU = Release|Any CPU
	EndGlobalSection
	GlobalSection(ProjectConfigurationPlatforms) = postSolution
		{B847D30E-4E71-4618-A3CC-8D0C7137CFCB}.Debug|Any CPU.ActiveCfg = Debug|Any CPU
		{B847D30E-4E71-4618-A3CC-8D0C7137CFCB}.Debug|Any CPU.Build.0 = Debug|Any CPU
		{B847D30E-4E71-4618-A3CC-8D0C7137CFCB}.Release|Any CPU.ActiveCfg = Release|Any CPU
		{B847D30E-4E71-4618-A3CC-8D0C7137CFCB}.Release|Any CPU.Build.0 = Release|Any CPU
	EndGlobalSection
	GlobalSection(SolutionProperties) = preSolution
		HideSolutionNode = FALSE
	EndGlobalSection
	GlobalSection(ExtensibilityGlobals) = postSolution
		SolutionGuid = {C2CD017F-8C5B-4A20-A238-036198331F2B}
	EndGlobalSection
EndGlobal
